# This file was autogenerated by Stack.
# You should not edit this file by hand.
# For more information, please see the documentation at:
#   https://docs.haskellstack.org/en/stable/lock_files

packages:
- completed:
    hackage: sdl2-2.5.5.1@sha256:7e2c55ca0ec4b538351fd3cceb71dbc5f99893dd326a7db78efa4adecc43c086,12150
    pantry-tree:
      sha256: 3623c5ef3144fa52f5db1599c3cfb0067840ba141d3516a8d750ed119476158f
      size: 6641
  original:
    hackage: sdl2-2.5.5.1@sha256:7e2c55ca0ec4b538351fd3cceb71dbc5f99893dd326a7db78efa4adecc43c086,12150
- completed:
    commit: 7e7a06c8b8493dd4c5d3113f76296b59fa2c42a5
    git: https://github.com/knitHacker/sdl2-image.git
    name: sdl2-image
    pantry-tree:
      sha256: 4582c4aecb11f9cfb05760ab4333dfc1d55ab68fc8deb9850f426bd9ca7f95da
      size: 872
    version: 2.1.0.0
  original:
    commit: 7e7a06c8b8493dd4c5d3113f76296b59fa2c42a5
    git: https://github.com/knitHacker/sdl2-image.git
- completed:
    commit: 3f627baffcc14e0b66b51075e5c740a6fa166000
    git: https://github.com/knitHacker/sdl2-ttf.git
    name: sdl2-ttf
    pantry-tree:
      sha256: cff6e66d215038c445319ea52152bb66bbbb720eaf6fd6eeb445b9c21ed8588a
      size: 595
    version: 2.1.3
  original:
    commit: 3f627baffcc14e0b66b51075e5c740a6fa166000
    git: https://github.com/knitHacker/sdl2-ttf.git
snapshots:
- completed:
    sha256: 5a59b2a405b3aba3c00188453be172b85893cab8ebc352b1ef58b0eae5d248a2
    size: 650475
    url: https://raw.githubusercontent.com/commercialhaskell/stackage-snapshots/master/lts/20/26.yaml
  original: lts-20.26
